
Microsoft Visual Studio Solution File, Format Version 12.00
# Visual Studio 14
VisualStudioVersion = 14.0.25123.0
MinimumVisualStudioVersion = 10.0.40219.1
Project("{FAE04EC0-301F-11D3-BF4B-00C04F79EFBC}") = "HtmlProject", "HtmlProject\HtmlProject.csproj", "{03E05648-E004-47E1-BF8A-1BC7E9C6F0E4}"
EndProject
Project("{9092AA53-FB77-4645-B42D-1CCCA6BD08BD}") = "WeatherStatusServer", "WeatherStatusServer\WeatherStatusServer.njsproj", "{A656AEA2-2ABB-4A40-85A1-164FE5990888}"
EndProject
Project("{9092AA53-FB77-4645-B42D-1CCCA6BD08BD}") = "NodejsCompleteServer", "NodejsCompleteServer\NodejsCompleteServer.njsproj", "{CCC9057D-91AA-4BF7-AACC-EBEBAB25BAA3}"
EndProject
Global
	GlobalSection(SolutionConfigurationPlatforms) = preSolution
		Debug|Any CPU = Debug|Any CPU
		Release|Any CPU = Release|Any CPU
	EndGlobalSection
	GlobalSection(ProjectConfigurationPlatforms) = postSolution
		{03E05648-E004-47E1-BF8A-1BC7E9C6F0E4}.Debug|Any CPU.ActiveCfg = Debug|Any CPU
		{03E05648-E004-47E1-BF8A-1BC7E9C6F0E4}.Debug|Any CPU.Build.0 = Debug|Any CPU
		{03E05648-E004-47E1-BF8A-1BC7E9C6F0E4}.Release|Any CPU.ActiveCfg = Release|Any CPU
		{03E05648-E004-47E1-BF8A-1BC7E9C6F0E4}.Release|Any CPU.Build.0 = Release|Any CPU
		{A656AEA2-2ABB-4A40-85A1-164FE5990888}.Debug|Any CPU.ActiveCfg = Debug|Any CPU
		{A656AEA2-2ABB-4A40-85A1-164FE5990888}.Debug|Any CPU.Build.0 = Debug|Any CPU
		{A656AEA2-2ABB-4A40-85A1-164FE5990888}.Release|Any CPU.ActiveCfg = Release|Any CPU
		{A656AEA2-2ABB-4A40-85A1-164FE5990888}.Release|Any CPU.Build.0 = Release|Any CPU
		{CCC9057D-91AA-4BF7-AACC-EBEBAB25BAA3}.Debug|Any CPU.ActiveCfg = Debug|Any CPU
		{CCC9057D-91AA-4BF7-AACC-EBEBAB25BAA3}.Debug|Any CPU.Build.0 = Debug|Any CPU
		{CCC9057D-91AA-4BF7-AACC-EBEBAB25BAA3}.Release|Any CPU.ActiveCfg = Release|Any CPU
		{CCC9057D-91AA-4BF7-AACC-EBEBAB25BAA3}.Release|Any CPU.Build.0 = Release|Any CPU
	EndGlobalSection
	GlobalSection(SolutionProperties) = preSolution
		HideSolutionNode = FALSE
	EndGlobalSection
EndGlobal
